// !$*UTF8*$!
{
	archiveVersion = 1;
	classes = {
	};
	objectVersion = 50;
	objects = {

/* Begin PBXBuildFile section */
		189EA230264EAE3500F503DB /* SpendListViewModel.swift in Sources */ = {isa = PBXBuildFile; fileRef = 189EA22F264EAE3500F503DB /* SpendListViewModel.swift */; };
		189EA23426501BE200F503DB /* PeriodMainScreenViewModel.swift in Sources */ = {isa = PBXBuildFile; fileRef = 189EA23326501BE200F503DB /* PeriodMainScreenViewModel.swift */; };
		189EA23A26501E1400F503DB /* PeriodListViewModel.swift in Sources */ = {isa = PBXBuildFile; fileRef = 189EA23926501E1400F503DB /* PeriodListViewModel.swift */; };
		189EA24226529C1400F503DB /* SpendHeaderViewModel.swift in Sources */ = {isa = PBXBuildFile; fileRef = 189EA24126529C1400F503DB /* SpendHeaderViewModel.swift */; };
		189EA24526529C3500F503DB /* SpendHeaderView.swift in Sources */ = {isa = PBXBuildFile; fileRef = 189EA24426529C3500F503DB /* SpendHeaderView.swift */; };
		189EA24826529C4A00F503DB /* SpendLineViewModel.swift in Sources */ = {isa = PBXBuildFile; fileRef = 189EA24726529C4A00F503DB /* SpendLineViewModel.swift */; };
		189EA2562653927800F503DB /* PeriodLineViewModel.swift in Sources */ = {isa = PBXBuildFile; fileRef = 189EA2552653927800F503DB /* PeriodLineViewModel.swift */; };
		189EA25A2653930400F503DB /* PeriodCardViewModel.swift in Sources */ = {isa = PBXBuildFile; fileRef = 189EA2592653930400F503DB /* PeriodCardViewModel.swift */; };
		18CA573C2654FFFA00277F89 /* PeriodStorageManager.swift in Sources */ = {isa = PBXBuildFile; fileRef = 18CA573B2654FFFA00277F89 /* PeriodStorageManager.swift */; };
		18CA57422656A1A700277F89 /* DateManager.swift in Sources */ = {isa = PBXBuildFile; fileRef = 18CA57412656A1A700277F89 /* DateManager.swift */; };
		18CA574D2657EB5A00277F89 /* SpendStorageManager.swift in Sources */ = {isa = PBXBuildFile; fileRef = 18CA574C2657EB5A00277F89 /* SpendStorageManager.swift */; };
		18CA57552658324300277F89 /* AddPeriodViewModel.swift in Sources */ = {isa = PBXBuildFile; fileRef = 18CA57542658324300277F89 /* AddPeriodViewModel.swift */; };
		18CA57582658325E00277F89 /* AddSpendViewModel.swift in Sources */ = {isa = PBXBuildFile; fileRef = 18CA57572658325E00277F89 /* AddSpendViewModel.swift */; };
		18CA5763265BF27C00277F89 /* PeriodHeaderViewModel.swift in Sources */ = {isa = PBXBuildFile; fileRef = 18CA5762265BF27C00277F89 /* PeriodHeaderViewModel.swift */; };
		18CA5766265BF28700277F89 /* PeriodHeaderView.swift in Sources */ = {isa = PBXBuildFile; fileRef = 18CA5765265BF28700277F89 /* PeriodHeaderView.swift */; };
		2F3198AE26468C9F00836ECF /* SpendApp.swift in Sources */ = {isa = PBXBuildFile; fileRef = 2F3198AD26468C9F00836ECF /* SpendApp.swift */; };
		2F3198B226468CA000836ECF /* Assets.xcassets in Resources */ = {isa = PBXBuildFile; fileRef = 2F3198B126468CA000836ECF /* Assets.xcassets */; };
		2F3198B526468CA000836ECF /* Preview Assets.xcassets in Resources */ = {isa = PBXBuildFile; fileRef = 2F3198B426468CA000836ECF /* Preview Assets.xcassets */; };
		2F3198B726468CA000836ECF /* PersistenceController.swift in Sources */ = {isa = PBXBuildFile; fileRef = 2F3198B626468CA000836ECF /* PersistenceController.swift */; };
		2F3198BA26468CA000836ECF /* Spend.xcdatamodeld in Sources */ = {isa = PBXBuildFile; fileRef = 2F3198B826468CA000836ECF /* Spend.xcdatamodeld */; };
		2F3198CA264693CF00836ECF /* Roboto-Light.ttf in Resources */ = {isa = PBXBuildFile; fileRef = 2F3198C7264693CF00836ECF /* Roboto-Light.ttf */; };
		2F3198CB264693CF00836ECF /* DIN Condensed Bold.ttf in Resources */ = {isa = PBXBuildFile; fileRef = 2F3198C8264693CF00836ECF /* DIN Condensed Bold.ttf */; };
		2F3198CE2646946000836ECF /* SpendLineView.swift in Sources */ = {isa = PBXBuildFile; fileRef = 2F3198CD2646946000836ECF /* SpendLineView.swift */; };
		2F3198D02646966E00836ECF /* SpendListView.swift in Sources */ = {isa = PBXBuildFile; fileRef = 2F3198CF2646966E00836ECF /* SpendListView.swift */; };
		2F3198D32646989100836ECF /* PeriodCardView.swift in Sources */ = {isa = PBXBuildFile; fileRef = 2F3198D22646989100836ECF /* PeriodCardView.swift */; };
		2F3198D526469E1200836ECF /* PeriodMainScreenView.swift in Sources */ = {isa = PBXBuildFile; fileRef = 2F3198D426469E1200836ECF /* PeriodMainScreenView.swift */; };
		2F3198D82646A18500836ECF /* CustomButton.swift in Sources */ = {isa = PBXBuildFile; fileRef = 2F3198D72646A18500836ECF /* CustomButton.swift */; };
		2F3198DB2646A72900836ECF /* AddSpendView.swift in Sources */ = {isa = PBXBuildFile; fileRef = 2F3198DA2646A72900836ECF /* AddSpendView.swift */; };
		2F3198DD2646A73200836ECF /* AddPeriodView.swift in Sources */ = {isa = PBXBuildFile; fileRef = 2F3198DC2646A73200836ECF /* AddPeriodView.swift */; };
		2F3198DF2646AB0E00836ECF /* PeriodLineView.swift in Sources */ = {isa = PBXBuildFile; fileRef = 2F3198DE2646AB0E00836ECF /* PeriodLineView.swift */; };
		2F3198E12646B1A600836ECF /* PeriodListView.swift in Sources */ = {isa = PBXBuildFile; fileRef = 2F3198E02646B1A600836ECF /* PeriodListView.swift */; };
		2F3198E62646D2BE00836ECF /* Spend+CoreDataClass.swift in Sources */ = {isa = PBXBuildFile; fileRef = 2F3198E22646D2BE00836ECF /* Spend+CoreDataClass.swift */; };
		2F3198E72646D2BE00836ECF /* Spend+CoreDataProperties.swift in Sources */ = {isa = PBXBuildFile; fileRef = 2F3198E32646D2BE00836ECF /* Spend+CoreDataProperties.swift */; };
		2F3198E82646D2BE00836ECF /* Period+CoreDataClass.swift in Sources */ = {isa = PBXBuildFile; fileRef = 2F3198E42646D2BE00836ECF /* Period+CoreDataClass.swift */; };
		2F3198E92646D2BE00836ECF /* Period+CoreDataProperties.swift in Sources */ = {isa = PBXBuildFile; fileRef = 2F3198E52646D2BE00836ECF /* Period+CoreDataProperties.swift */; };
		2F60C1952647E3CD005D3C81 /* CustomTextField.swift in Sources */ = {isa = PBXBuildFile; fileRef = 2F60C1942647E3CD005D3C81 /* CustomTextField.swift */; };
/* End PBXBuildFile section */

/* Begin PBXFileReference section */
		189EA22F264EAE3500F503DB /* SpendListViewModel.swift */ = {isa = PBXFileReference; lastKnownFileType = sourcecode.swift; path = SpendListViewModel.swift; sourceTree = "<group>"; };
		189EA23326501BE200F503DB /* PeriodMainScreenViewModel.swift */ = {isa = PBXFileReference; lastKnownFileType = sourcecode.swift; path = PeriodMainScreenViewModel.swift; sourceTree = "<group>"; };
		189EA23926501E1400F503DB /* PeriodListViewModel.swift */ = {isa = PBXFileReference; lastKnownFileType = sourcecode.swift; path = PeriodListViewModel.swift; sourceTree = "<group>"; };
		189EA24126529C1400F503DB /* SpendHeaderViewModel.swift */ = {isa = PBXFileReference; lastKnownFileType = sourcecode.swift; path = SpendHeaderViewModel.swift; sourceTree = "<group>"; };
		189EA24426529C3500F503DB /* SpendHeaderView.swift */ = {isa = PBXFileReference; lastKnownFileType = sourcecode.swift; path = SpendHeaderView.swift; sourceTree = "<group>"; };
		189EA24726529C4A00F503DB /* SpendLineViewModel.swift */ = {isa = PBXFileReference; lastKnownFileType = sourcecode.swift; path = SpendLineViewModel.swift; sourceTree = "<group>"; };
		189EA2552653927800F503DB /* PeriodLineViewModel.swift */ = {isa = PBXFileReference; lastKnownFileType = sourcecode.swift; path = PeriodLineViewModel.swift; sourceTree = "<group>"; };
		189EA2592653930400F503DB /* PeriodCardViewModel.swift */ = {isa = PBXFileReference; lastKnownFileType = sourcecode.swift; path = PeriodCardViewModel.swift; sourceTree = "<group>"; };
		18CA573B2654FFFA00277F89 /* PeriodStorageManager.swift */ = {isa = PBXFileReference; lastKnownFileType = sourcecode.swift; path = PeriodStorageManager.swift; sourceTree = "<group>"; };
		18CA57412656A1A700277F89 /* DateManager.swift */ = {isa = PBXFileReference; lastKnownFileType = sourcecode.swift; path = DateManager.swift; sourceTree = "<group>"; };
		18CA574C2657EB5A00277F89 /* SpendStorageManager.swift */ = {isa = PBXFileReference; lastKnownFileType = sourcecode.swift; path = SpendStorageManager.swift; sourceTree = "<group>"; };
		18CA57542658324300277F89 /* AddPeriodViewModel.swift */ = {isa = PBXFileReference; lastKnownFileType = sourcecode.swift; path = AddPeriodViewModel.swift; sourceTree = "<group>"; };
		18CA57572658325E00277F89 /* AddSpendViewModel.swift */ = {isa = PBXFileReference; lastKnownFileType = sourcecode.swift; path = AddSpendViewModel.swift; sourceTree = "<group>"; };
		18CA5762265BF27C00277F89 /* PeriodHeaderViewModel.swift */ = {isa = PBXFileReference; lastKnownFileType = sourcecode.swift; path = PeriodHeaderViewModel.swift; sourceTree = "<group>"; };
		18CA5765265BF28700277F89 /* PeriodHeaderView.swift */ = {isa = PBXFileReference; lastKnownFileType = sourcecode.swift; path = PeriodHeaderView.swift; sourceTree = "<group>"; };
		2F3198AA26468C9F00836ECF /* Spend.app */ = {isa = PBXFileReference; explicitFileType = wrapper.application; includeInIndex = 0; path = Spend.app; sourceTree = BUILT_PRODUCTS_DIR; };
		2F3198AD26468C9F00836ECF /* SpendApp.swift */ = {isa = PBXFileReference; lastKnownFileType = sourcecode.swift; path = SpendApp.swift; sourceTree = "<group>"; };
		2F3198B126468CA000836ECF /* Assets.xcassets */ = {isa = PBXFileReference; lastKnownFileType = folder.assetcatalog; path = Assets.xcassets; sourceTree = "<group>"; };
		2F3198B426468CA000836ECF /* Preview Assets.xcassets */ = {isa = PBXFileReference; lastKnownFileType = folder.assetcatalog; path = "Preview Assets.xcassets"; sourceTree = "<group>"; };
		2F3198B626468CA000836ECF /* PersistenceController.swift */ = {isa = PBXFileReference; lastKnownFileType = sourcecode.swift; path = PersistenceController.swift; sourceTree = "<group>"; };
		2F3198B926468CA000836ECF /* Spend.xcdatamodel */ = {isa = PBXFileReference; lastKnownFileType = wrapper.xcdatamodel; path = Spend.xcdatamodel; sourceTree = "<group>"; };
		2F3198BB26468CA000836ECF /* Info.plist */ = {isa = PBXFileReference; lastKnownFileType = text.plist.xml; path = Info.plist; sourceTree = "<group>"; };
		2F3198C7264693CF00836ECF /* Roboto-Light.ttf */ = {isa = PBXFileReference; lastKnownFileType = file; path = "Roboto-Light.ttf"; sourceTree = "<group>"; };
		2F3198C8264693CF00836ECF /* DIN Condensed Bold.ttf */ = {isa = PBXFileReference; lastKnownFileType = file; path = "DIN Condensed Bold.ttf"; sourceTree = "<group>"; };
		2F3198CD2646946000836ECF /* SpendLineView.swift */ = {isa = PBXFileReference; lastKnownFileType = sourcecode.swift; path = SpendLineView.swift; sourceTree = "<group>"; };
		2F3198CF2646966E00836ECF /* SpendListView.swift */ = {isa = PBXFileReference; lastKnownFileType = sourcecode.swift; path = SpendListView.swift; sourceTree = "<group>"; };
		2F3198D22646989100836ECF /* PeriodCardView.swift */ = {isa = PBXFileReference; lastKnownFileType = sourcecode.swift; path = PeriodCardView.swift; sourceTree = "<group>"; };
		2F3198D426469E1200836ECF /* PeriodMainScreenView.swift */ = {isa = PBXFileReference; lastKnownFileType = sourcecode.swift; path = PeriodMainScreenView.swift; sourceTree = "<group>"; };
		2F3198D72646A18500836ECF /* CustomButton.swift */ = {isa = PBXFileReference; lastKnownFileType = sourcecode.swift; path = CustomButton.swift; sourceTree = "<group>"; };
		2F3198DA2646A72900836ECF /* AddSpendView.swift */ = {isa = PBXFileReference; lastKnownFileType = sourcecode.swift; path = AddSpendView.swift; sourceTree = "<group>"; };
		2F3198DC2646A73200836ECF /* AddPeriodView.swift */ = {isa = PBXFileReference; lastKnownFileType = sourcecode.swift; path = AddPeriodView.swift; sourceTree = "<group>"; };
		2F3198DE2646AB0E00836ECF /* PeriodLineView.swift */ = {isa = PBXFileReference; lastKnownFileType = sourcecode.swift; path = PeriodLineView.swift; sourceTree = "<group>"; };
		2F3198E02646B1A600836ECF /* PeriodListView.swift */ = {isa = PBXFileReference; lastKnownFileType = sourcecode.swift; path = PeriodListView.swift; sourceTree = "<group>"; };
		2F3198E22646D2BE00836ECF /* Spend+CoreDataClass.swift */ = {isa = PBXFileReference; lastKnownFileType = sourcecode.swift; path = "Spend+CoreDataClass.swift"; sourceTree = "<group>"; };
		2F3198E32646D2BE00836ECF /* Spend+CoreDataProperties.swift */ = {isa = PBXFileReference; lastKnownFileType = sourcecode.swift; path = "Spend+CoreDataProperties.swift"; sourceTree = "<group>"; };
		2F3198E42646D2BE00836ECF /* Period+CoreDataClass.swift */ = {isa = PBXFileReference; lastKnownFileType = sourcecode.swift; path = "Period+CoreDataClass.swift"; sourceTree = "<group>"; };
		2F3198E52646D2BE00836ECF /* Period+CoreDataProperties.swift */ = {isa = PBXFileReference; lastKnownFileType = sourcecode.swift; path = "Period+CoreDataProperties.swift"; sourceTree = "<group>"; };
		2F60C1942647E3CD005D3C81 /* CustomTextField.swift */ = {isa = PBXFileReference; lastKnownFileType = sourcecode.swift; path = CustomTextField.swift; sourceTree = "<group>"; };
/* End PBXFileReference section */

/* Begin PBXFrameworksBuildPhase section */
		2F3198A726468C9F00836ECF /* Frameworks */ = {
			isa = PBXFrameworksBuildPhase;
			buildActionMask = 2147483647;
			files = (
			);
			runOnlyForDeploymentPostprocessing = 0;
		};
/* End PBXFrameworksBuildPhase section */

/* Begin PBXGroup section */
		189EA25F2653931400F503DB /* PeriodViews */ = {
			isa = PBXGroup;
			children = (
				2F3198D22646989100836ECF /* PeriodCardView.swift */,
			);
			path = PeriodViews;
			sourceTree = "<group>";
		};
		18CA573A2654FFD300277F89 /* Managers */ = {
			isa = PBXGroup;
			children = (
				18CA573B2654FFFA00277F89 /* PeriodStorageManager.swift */,
				18CA574C2657EB5A00277F89 /* SpendStorageManager.swift */,
				18CA57412656A1A700277F89 /* DateManager.swift */,
			);
			path = Managers;
			sourceTree = "<group>";
		};
		18CA5769265D1B2C00277F89 /* MainScreen */ = {
			isa = PBXGroup;
			children = (
				2F3198D426469E1200836ECF /* PeriodMainScreenView.swift */,
				189EA25F2653931400F503DB /* PeriodViews */,
				2F3198CC2646944C00836ECF /* SpendViews */,
			);
			path = MainScreen;
			sourceTree = "<group>";
		};
		18CA576A265D1D2500277F89 /* ViewModels */ = {
			isa = PBXGroup;
			children = (
				189EA23926501E1400F503DB /* PeriodListViewModel.swift */,
				18CA5762265BF27C00277F89 /* PeriodHeaderViewModel.swift */,
				189EA2552653927800F503DB /* PeriodLineViewModel.swift */,
				189EA23326501BE200F503DB /* PeriodMainScreenViewModel.swift */,
				189EA2592653930400F503DB /* PeriodCardViewModel.swift */,
				189EA22F264EAE3500F503DB /* SpendListViewModel.swift */,
				189EA24126529C1400F503DB /* SpendHeaderViewModel.swift */,
				189EA24726529C4A00F503DB /* SpendLineViewModel.swift */,
				18CA57572658325E00277F89 /* AddSpendViewModel.swift */,
				18CA57542658324300277F89 /* AddPeriodViewModel.swift */,
			);
			path = ViewModels;
			sourceTree = "<group>";
		};
		2F3198A126468C9F00836ECF = {
			isa = PBXGroup;
			children = (
				2F3198AC26468C9F00836ECF /* Spend */,
				2F3198AB26468C9F00836ECF /* Products */,
			);
			sourceTree = "<group>";
		};
		2F3198AB26468C9F00836ECF /* Products */ = {
			isa = PBXGroup;
			children = (
				2F3198AA26468C9F00836ECF /* Spend.app */,
			);
			name = Products;
			sourceTree = "<group>";
		};
		2F3198AC26468C9F00836ECF /* Spend */ = {
			isa = PBXGroup;
			children = (
				18CA573A2654FFD300277F89 /* Managers */,
				2F3198C426468D2000836ECF /* Model */,
				2F3198C326468D0B00836ECF /* Views */,
				18CA576A265D1D2500277F89 /* ViewModels */,
				2F3198C226468CE600836ECF /* Resourses */,
				2F3198C126468CCF00836ECF /* Supporting Files */,
				2F3198B326468CA000836ECF /* Preview Content */,
			);
			path = Spend;
			sourceTree = "<group>";
		};
		2F3198B326468CA000836ECF /* Preview Content */ = {
			isa = PBXGroup;
			children = (
				2F3198B426468CA000836ECF /* Preview Assets.xcassets */,
			);
			path = "Preview Content";
			sourceTree = "<group>";
		};
		2F3198C126468CCF00836ECF /* Supporting Files */ = {
			isa = PBXGroup;
			children = (
				2F3198BB26468CA000836ECF /* Info.plist */,
			);
			path = "Supporting Files";
			sourceTree = "<group>";
		};
		2F3198C226468CE600836ECF /* Resourses */ = {
			isa = PBXGroup;
			children = (
				2F3198B126468CA000836ECF /* Assets.xcassets */,
				2F3198C5264693B300836ECF /* Fonts */,
			);
			path = Resourses;
			sourceTree = "<group>";
		};
		2F3198C326468D0B00836ECF /* Views */ = {
			isa = PBXGroup;
			children = (
				2F3198AD26468C9F00836ECF /* SpendApp.swift */,
				2F3198D12646986E00836ECF /* StartScreen */,
				18CA5769265D1B2C00277F89 /* MainScreen */,
				2F3198D92646A70700836ECF /* AddScreens */,
				2F3198D62646A15100836ECF /* Custom Views */,
			);
			path = Views;
			sourceTree = "<group>";
		};
		2F3198C426468D2000836ECF /* Model */ = {
			isa = PBXGroup;
			children = (
				2F3198B626468CA000836ECF /* PersistenceController.swift */,
				2F3198B826468CA000836ECF /* Spend.xcdatamodeld */,
				2F3198E22646D2BE00836ECF /* Spend+CoreDataClass.swift */,
				2F3198E32646D2BE00836ECF /* Spend+CoreDataProperties.swift */,
				2F3198E42646D2BE00836ECF /* Period+CoreDataClass.swift */,
				2F3198E52646D2BE00836ECF /* Period+CoreDataProperties.swift */,
			);
			path = Model;
			sourceTree = "<group>";
		};
		2F3198C5264693B300836ECF /* Fonts */ = {
			isa = PBXGroup;
			children = (
				2F3198C8264693CF00836ECF /* DIN Condensed Bold.ttf */,
				2F3198C7264693CF00836ECF /* Roboto-Light.ttf */,
			);
			path = Fonts;
			sourceTree = "<group>";
		};
		2F3198CC2646944C00836ECF /* SpendViews */ = {
			isa = PBXGroup;
			children = (
				2F3198CF2646966E00836ECF /* SpendListView.swift */,
				189EA24426529C3500F503DB /* SpendHeaderView.swift */,
				2F3198CD2646946000836ECF /* SpendLineView.swift */,
			);
			path = SpendViews;
			sourceTree = "<group>";
		};
		2F3198D12646986E00836ECF /* StartScreen */ = {
			isa = PBXGroup;
			children = (
				2F3198E02646B1A600836ECF /* PeriodListView.swift */,
				18CA5765265BF28700277F89 /* PeriodHeaderView.swift */,
				2F3198DE2646AB0E00836ECF /* PeriodLineView.swift */,
			);
			path = StartScreen;
			sourceTree = "<group>";
		};
		2F3198D62646A15100836ECF /* Custom Views */ = {
			isa = PBXGroup;
			children = (
				2F3198D72646A18500836ECF /* CustomButton.swift */,
				2F60C1942647E3CD005D3C81 /* CustomTextField.swift */,
			);
			path = "Custom Views";
			sourceTree = "<group>";
		};
		2F3198D92646A70700836ECF /* AddScreens */ = {
			isa = PBXGroup;
			children = (
				2F3198DA2646A72900836ECF /* AddSpendView.swift */,
				2F3198DC2646A73200836ECF /* AddPeriodView.swift */,
			);
			path = AddScreens;
			sourceTree = "<group>";
		};
/* End PBXGroup section */

/* Begin PBXNativeTarget section */
		2F3198A926468C9F00836ECF /* Spend */ = {
			isa = PBXNativeTarget;
			buildConfigurationList = 2F3198BE26468CA000836ECF /* Build configuration list for PBXNativeTarget "Spend" */;
			buildPhases = (
				2F3198A626468C9F00836ECF /* Sources */,
				2F3198A726468C9F00836ECF /* Frameworks */,
				2F3198A826468C9F00836ECF /* Resources */,
			);
			buildRules = (
			);
			dependencies = (
			);
			name = Spend;
			productName = Spend;
			productReference = 2F3198AA26468C9F00836ECF /* Spend.app */;
			productType = "com.apple.product-type.application";
		};
/* End PBXNativeTarget section */

/* Begin PBXProject section */
		2F3198A226468C9F00836ECF /* Project object */ = {
			isa = PBXProject;
			attributes = {
				LastSwiftUpdateCheck = 1250;
				LastUpgradeCheck = 1250;
				TargetAttributes = {
					2F3198A926468C9F00836ECF = {
						CreatedOnToolsVersion = 12.5;
					};
				};
			};
			buildConfigurationList = 2F3198A526468C9F00836ECF /* Build configuration list for PBXProject "Spend" */;
			compatibilityVersion = "Xcode 9.3";
			developmentRegion = en;
			hasScannedForEncodings = 0;
			knownRegions = (
				en,
				Base,
			);
			mainGroup = 2F3198A126468C9F00836ECF;
			productRefGroup = 2F3198AB26468C9F00836ECF /* Products */;
			projectDirPath = "";
			projectRoot = "";
			targets = (
				2F3198A926468C9F00836ECF /* Spend */,
			);
		};
/* End PBXProject section */

/* Begin PBXResourcesBuildPhase section */
		2F3198A826468C9F00836ECF /* Resources */ = {
			isa = PBXResourcesBuildPhase;
			buildActionMask = 2147483647;
			files = (
				2F3198CB264693CF00836ECF /* DIN Condensed Bold.ttf in Resources */,
				2F3198B526468CA000836ECF /* Preview Assets.xcassets in Resources */,
				2F3198B226468CA000836ECF /* Assets.xcassets in Resources */,
				2F3198CA264693CF00836ECF /* Roboto-Light.ttf in Resources */,
			);
			runOnlyForDeploymentPostprocessing = 0;
		};
/* End PBXResourcesBuildPhase section */

/* Begin PBXSourcesBuildPhase section */
		2F3198A626468C9F00836ECF /* Sources */ = {
			isa = PBXSourcesBuildPhase;
			buildActionMask = 2147483647;
			files = (
				2F3198E62646D2BE00836ECF /* Spend+CoreDataClass.swift in Sources */,
				2F3198BA26468CA000836ECF /* Spend.xcdatamodeld in Sources */,
				2F3198D526469E1200836ECF /* PeriodMainScreenView.swift in Sources */,
				189EA2562653927800F503DB /* PeriodLineViewModel.swift in Sources */,
				2F3198D82646A18500836ECF /* CustomButton.swift in Sources */,
				2F3198D02646966E00836ECF /* SpendListView.swift in Sources */,
				2F3198E72646D2BE00836ECF /* Spend+CoreDataProperties.swift in Sources */,
				2F3198DB2646A72900836ECF /* AddSpendView.swift in Sources */,
				18CA5763265BF27C00277F89 /* PeriodHeaderViewModel.swift in Sources */,
				2F3198B726468CA000836ECF /* PersistenceController.swift in Sources */,
				2F60C1952647E3CD005D3C81 /* CustomTextField.swift in Sources */,
				2F3198D32646989100836ECF /* PeriodCardView.swift in Sources */,
				2F3198DD2646A73200836ECF /* AddPeriodView.swift in Sources */,
				2F3198DF2646AB0E00836ECF /* PeriodLineView.swift in Sources */,
				18CA57582658325E00277F89 /* AddSpendViewModel.swift in Sources */,
				2F3198E92646D2BE00836ECF /* Period+CoreDataProperties.swift in Sources */,
				189EA230264EAE3500F503DB /* SpendListViewModel.swift in Sources */,
				2F3198E82646D2BE00836ECF /* Period+CoreDataClass.swift in Sources */,
				18CA5766265BF28700277F89 /* PeriodHeaderView.swift in Sources */,
				2F3198CE2646946000836ECF /* SpendLineView.swift in Sources */,
				2F3198AE26468C9F00836ECF /* SpendApp.swift in Sources */,
				18CA573C2654FFFA00277F89 /* PeriodStorageManager.swift in Sources */,
				189EA24826529C4A00F503DB /* SpendLineViewModel.swift in Sources */,
				189EA24226529C1400F503DB /* SpendHeaderViewModel.swift in Sources */,
				189EA23426501BE200F503DB /* PeriodMainScreenViewModel.swift in Sources */,
				2F3198E12646B1A600836ECF /* PeriodListView.swift in Sources */,
				189EA24526529C3500F503DB /* SpendHeaderView.swift in Sources */,
				189EA25A2653930400F503DB /* PeriodCardViewModel.swift in Sources */,
				18CA57422656A1A700277F89 /* DateManager.swift in Sources */,
				18CA574D2657EB5A00277F89 /* SpendStorageManager.swift in Sources */,
				189EA23A26501E1400F503DB /* PeriodListViewModel.swift in Sources */,
				18CA57552658324300277F89 /* AddPeriodViewModel.swift in Sources */,
			);
			runOnlyForDeploymentPostprocessing = 0;
		};
/* End PBXSourcesBuildPhase section */

/* Begin XCBuildConfiguration section */
		2F3198BC26468CA000836ECF /* Debug */ = {
			isa = XCBuildConfiguration;
			buildSettings = {
				ALWAYS_SEARCH_USER_PATHS = NO;
				CLANG_ANALYZER_NONNULL = YES;
				CLANG_ANALYZER_NUMBER_OBJECT_CONVERSION = YES_AGGRESSIVE;
				CLANG_CXX_LANGUAGE_STANDARD = "gnu++14";
				CLANG_CXX_LIBRARY = "libc++";
				CLANG_ENABLE_MODULES = YES;
				CLANG_ENABLE_OBJC_ARC = YES;
				CLANG_ENABLE_OBJC_WEAK = YES;
				CLANG_WARN_BLOCK_CAPTURE_AUTORELEASING = YES;
				CLANG_WARN_BOOL_CONVERSION = YES;
				CLANG_WARN_COMMA = YES;
				CLANG_WARN_CONSTANT_CONVERSION = YES;
				CLANG_WARN_DEPRECATED_OBJC_IMPLEMENTATIONS = YES;
				CLANG_WARN_DIRECT_OBJC_ISA_USAGE = YES_ERROR;
				CLANG_WARN_DOCUMENTATION_COMMENTS = YES;
				CLANG_WARN_EMPTY_BODY = YES;
				CLANG_WARN_ENUM_CONVERSION = YES;
				CLANG_WARN_INFINITE_RECURSION = YES;
				CLANG_WARN_INT_CONVERSION = YES;
				CLANG_WARN_NON_LITERAL_NULL_CONVERSION = YES;
				CLANG_WARN_OBJC_IMPLICIT_RETAIN_SELF = YES;
				CLANG_WARN_OBJC_LITERAL_CONVERSION = YES;
				CLANG_WARN_OBJC_ROOT_CLASS = YES_ERROR;
				CLANG_WARN_QUOTED_INCLUDE_IN_FRAMEWORK_HEADER = YES;
				CLANG_WARN_RANGE_LOOP_ANALYSIS = YES;
				CLANG_WARN_STRICT_PROTOTYPES = YES;
				CLANG_WARN_SUSPICIOUS_MOVE = YES;
				CLANG_WARN_UNGUARDED_AVAILABILITY = YES_AGGRESSIVE;
				CLANG_WARN_UNREACHABLE_CODE = YES;
				CLANG_WARN__DUPLICATE_METHOD_MATCH = YES;
				COPY_PHASE_STRIP = NO;
				DEBUG_INFORMATION_FORMAT = dwarf;
				ENABLE_STRICT_OBJC_MSGSEND = YES;
				ENABLE_TESTABILITY = YES;
				GCC_C_LANGUAGE_STANDARD = gnu11;
				GCC_DYNAMIC_NO_PIC = NO;
				GCC_NO_COMMON_BLOCKS = YES;
				GCC_OPTIMIZATION_LEVEL = 0;
				GCC_PREPROCESSOR_DEFINITIONS = (
					"DEBUG=1",
					"$(inherited)",
				);
				GCC_WARN_64_TO_32_BIT_CONVERSION = YES;
				GCC_WARN_ABOUT_RETURN_TYPE = YES_ERROR;
				GCC_WARN_UNDECLARED_SELECTOR = YES;
				GCC_WARN_UNINITIALIZED_AUTOS = YES_AGGRESSIVE;
				GCC_WARN_UNUSED_FUNCTION = YES;
				GCC_WARN_UNUSED_VARIABLE = YES;
				IPHONEOS_DEPLOYMENT_TARGET = 14.5;
				MTL_ENABLE_DEBUG_INFO = INCLUDE_SOURCE;
				MTL_FAST_MATH = YES;
				ONLY_ACTIVE_ARCH = YES;
				SDKROOT = iphoneos;
				SWIFT_ACTIVE_COMPILATION_CONDITIONS = DEBUG;
				SWIFT_OPTIMIZATION_LEVEL = "-Onone";
			};
			name = Debug;
		};
		2F3198BD26468CA000836ECF /* Release */ = {
			isa = XCBuildConfiguration;
			buildSettings = {
				ALWAYS_SEARCH_USER_PATHS = NO;
				CLANG_ANALYZER_NONNULL = YES;
				CLANG_ANALYZER_NUMBER_OBJECT_CONVERSION = YES_AGGRESSIVE;
				CLANG_CXX_LANGUAGE_STANDARD = "gnu++14";
				CLANG_CXX_LIBRARY = "libc++";
				CLANG_ENABLE_MODULES = YES;
				CLANG_ENABLE_OBJC_ARC = YES;
				CLANG_ENABLE_OBJC_WEAK = YES;
				CLANG_WARN_BLOCK_CAPTURE_AUTORELEASING = YES;
				CLANG_WARN_BOOL_CONVERSION = YES;
				CLANG_WARN_COMMA = YES;
				CLANG_WARN_CONSTANT_CONVERSION = YES;
				CLANG_WARN_DEPRECATED_OBJC_IMPLEMENTATIONS = YES;
				CLANG_WARN_DIRECT_OBJC_ISA_USAGE = YES_ERROR;
				CLANG_WARN_DOCUMENTATION_COMMENTS = YES;
				CLANG_WARN_EMPTY_BODY = YES;
				CLANG_WARN_ENUM_CONVERSION = YES;
				CLANG_WARN_INFINITE_RECURSION = YES;
				CLANG_WARN_INT_CONVERSION = YES;
				CLANG_WARN_NON_LITERAL_NULL_CONVERSION = YES;
				CLANG_WARN_OBJC_IMPLICIT_RETAIN_SELF = YES;
				CLANG_WARN_OBJC_LITERAL_CONVERSION = YES;
				CLANG_WARN_OBJC_ROOT_CLASS = YES_ERROR;
				CLANG_WARN_QUOTED_INCLUDE_IN_FRAMEWORK_HEADER = YES;
				CLANG_WARN_RANGE_LOOP_ANALYSIS = YES;
				CLANG_WARN_STRICT_PROTOTYPES = YES;
				CLANG_WARN_SUSPICIOUS_MOVE = YES;
				CLANG_WARN_UNGUARDED_AVAILABILITY = YES_AGGRESSIVE;
				CLANG_WARN_UNREACHABLE_CODE = YES;
				CLANG_WARN__DUPLICATE_METHOD_MATCH = YES;
				COPY_PHASE_STRIP = NO;
				DEBUG_INFORMATION_FORMAT = "dwarf-with-dsym";
				ENABLE_NS_ASSERTIONS = NO;
				ENABLE_STRICT_OBJC_MSGSEND = YES;
				GCC_C_LANGUAGE_STANDARD = gnu11;
				GCC_NO_COMMON_BLOCKS = YES;
				GCC_WARN_64_TO_32_BIT_CONVERSION = YES;
				GCC_WARN_ABOUT_RETURN_TYPE = YES_ERROR;
				GCC_WARN_UNDECLARED_SELECTOR = YES;
				GCC_WARN_UNINITIALIZED_AUTOS = YES_AGGRESSIVE;
				GCC_WARN_UNUSED_FUNCTION = YES;
				GCC_WARN_UNUSED_VARIABLE = YES;
				IPHONEOS_DEPLOYMENT_TARGET = 14.5;
				MTL_ENABLE_DEBUG_INFO = NO;
				MTL_FAST_MATH = YES;
				SDKROOT = iphoneos;
				SWIFT_COMPILATION_MODE = wholemodule;
				SWIFT_OPTIMIZATION_LEVEL = "-O";
				VALIDATE_PRODUCT = YES;
			};
			name = Release;
		};
		2F3198BF26468CA000836ECF /* Debug */ = {
			isa = XCBuildConfiguration;
			buildSettings = {
				ASSETCATALOG_COMPILER_APPICON_NAME = AppIcon;
				ASSETCATALOG_COMPILER_GLOBAL_ACCENT_COLOR_NAME = AccentColor;
				CODE_SIGN_STYLE = Automatic;
				DEVELOPMENT_ASSET_PATHS = "\"Spend/Preview Content\"";
				DEVELOPMENT_TEAM = KFL2ZFQWR4;
				ENABLE_PREVIEWS = YES;
				INFOPLIST_FILE = "Spend/Supporting Files/Info.plist";
				IPHONEOS_DEPLOYMENT_TARGET = 14.0;
				LD_RUNPATH_SEARCH_PATHS = (
					"$(inherited)",
					"@executable_path/Frameworks",
				);
				PRODUCT_BUNDLE_IDENTIFIER = ddimpalass.Spend;
				PRODUCT_NAME = "$(TARGET_NAME)";
				SWIFT_VERSION = 5.0;
				TARGETED_DEVICE_FAMILY = 1;
			};
			name = Debug;
		};
		2F3198C026468CA000836ECF /* Release */ = {
			isa = XCBuildConfiguration;
			buildSettings = {
				ASSETCATALOG_COMPILER_APPICON_NAME = AppIcon;
				ASSETCATALOG_COMPILER_GLOBAL_ACCENT_COLOR_NAME = AccentColor;
				CODE_SIGN_STYLE = Automatic;
				DEVELOPMENT_ASSET_PATHS = "\"Spend/Preview Content\"";
				DEVELOPMENT_TEAM = KFL2ZFQWR4;
				ENABLE_PREVIEWS = YES;
				INFOPLIST_FILE = "Spend/Supporting Files/Info.plist";
				IPHONEOS_DEPLOYMENT_TARGET = 14.0;
				LD_RUNPATH_SEARCH_PATHS = (
					"$(inherited)",
					"@executable_path/Frameworks",
				);
				PRODUCT_BUNDLE_IDENTIFIER = ddimpalass.Spend;
				PRODUCT_NAME = "$(TARGET_NAME)";
				SWIFT_VERSION = 5.0;
				TARGETED_DEVICE_FAMILY = 1;
			};
			name = Release;
		};
/* End XCBuildConfiguration section */

/* Begin XCConfigurationList section */
		2F3198A526468C9F00836ECF /* Build configuration list for PBXProject "Spend" */ = {
			isa = XCConfigurationList;
			buildConfigurations = (
				2F3198BC26468CA000836ECF /* Debug */,
				2F3198BD26468CA000836ECF /* Release */,
			);
			defaultConfigurationIsVisible = 0;
			defaultConfigurationName = Release;
		};
		2F3198BE26468CA000836ECF /* Build configuration list for PBXNativeTarget "Spend" */ = {
			isa = XCConfigurationList;
			buildConfigurations = (
				2F3198BF26468CA000836ECF /* Debug */,
				2F3198C026468CA000836ECF /* Release */,
			);
			defaultConfigurationIsVisible = 0;
			defaultConfigurationName = Release;
		};
/* End XCConfigurationList section */

/* Begin XCVersionGroup section */
		2F3198B826468CA000836ECF /* Spend.xcdatamodeld */ = {
			isa = XCVersionGroup;
			children = (
				2F3198B926468CA000836ECF /* Spend.xcdatamodel */,
			);
			currentVersion = 2F3198B926468CA000836ECF /* Spend.xcdatamodel */;
			path = Spend.xcdatamodeld;
			sourceTree = "<group>";
			versionGroupType = wrapper.xcdatamodel;
		};
/* End XCVersionGroup section */
	};
	rootObject = 2F3198A226468C9F00836ECF /* Project object */;
}
